
Microsoft Visual Studio Solution File, Format Version 12.00
# Visual Studio Version 17
VisualStudioVersion = 17.11.35222.181
MinimumVisualStudioVersion = 10.0.40219.1
Project("{FAE04EC0-301F-11D3-BF4B-00C04F79EFBC}") = "AuthLogin.API", "AuthLogin.API\AuthLogin.API.csproj", "{ED7FB598-D010-4CE4-AEAB-6413E8DC7B4D}"
EndProject
Global
	GlobalSection(SolutionConfigurationPlatforms) = preSolution
		Debug|Any CPU = Debug|Any CPU
		Release|Any CPU = Release|Any CPU
	EndGlobalSection
	GlobalSection(ProjectConfigurationPlatforms) = postSolution
		{ED7FB598-D010-4CE4-AEAB-6413E8DC7B4D}.Debug|Any CPU.ActiveCfg = Debug|Any CPU
		{ED7FB598-D010-4CE4-AEAB-6413E8DC7B4D}.Debug|Any CPU.Build.0 = Debug|Any CPU
		{ED7FB598-D010-4CE4-AEAB-6413E8DC7B4D}.Release|Any CPU.ActiveCfg = Release|Any CPU
		{ED7FB598-D010-4CE4-AEAB-6413E8DC7B4D}.Release|Any CPU.Build.0 = Release|Any CPU
	EndGlobalSection
	GlobalSection(SolutionProperties) = preSolution
		HideSolutionNode = FALSE
	EndGlobalSection
	GlobalSection(ExtensibilityGlobals) = postSolution
		SolutionGuid = {2E071632-A6FC-4218-96ED-B1458EBFC79F}
	EndGlobalSection
EndGlobal
